
Microsoft Visual Studio Solution File, Format Version 12.00
# Visual Studio Version 17
VisualStudioVersion = 17.12.35506.116
MinimumVisualStudioVersion = 10.0.40219.1
Project("{FAE04EC0-301F-11D3-BF4B-00C04F79EFBC}") = "EFCoreAssignment.API", "EFCoreAssignment.API\EFCoreAssignment.API.csproj", "{B458528F-91C6-4B3B-9694-9993E1331359}"
EndProject
Project("{FAE04EC0-301F-11D3-BF4B-00C04F79EFBC}") = "EFCoreAssignment.Core", "EFCoreAssignment.Core\EFCoreAssignment.Core.csproj", "{AA7A6A1F-7FF5-4742-B275-7B384690BA2A}"
EndProject
Project("{FAE04EC0-301F-11D3-BF4B-00C04F79EFBC}") = "EFCoreAssignment.Data", "EFCoreAssignment.Data\EFCoreAssignment.Data.csproj", "{E1C30938-E3AF-4332-88E6-ED57A22B2801}"
EndProject
Project("{FAE04EC0-301F-11D3-BF4B-00C04F79EFBC}") = "EFCoreAssignment.DTOs", "EFCoreAssignment.DTOs\EFCoreAssignment.DTOs.csproj", "{078DBBBD-4AA6-498B-8CA5-10B784B4FD0A}"
EndProject
Global
	GlobalSection(SolutionConfigurationPlatforms) = preSolution
		Debug|Any CPU = Debug|Any CPU
		Release|Any CPU = Release|Any CPU
	EndGlobalSection
	GlobalSection(ProjectConfigurationPlatforms) = postSolution
		{B458528F-91C6-4B3B-9694-9993E1331359}.Debug|Any CPU.ActiveCfg = Debug|Any CPU
		{B458528F-91C6-4B3B-9694-9993E1331359}.Debug|Any CPU.Build.0 = Debug|Any CPU
		{B458528F-91C6-4B3B-9694-9993E1331359}.Release|Any CPU.ActiveCfg = Release|Any CPU
		{B458528F-91C6-4B3B-9694-9993E1331359}.Release|Any CPU.Build.0 = Release|Any CPU
		{AA7A6A1F-7FF5-4742-B275-7B384690BA2A}.Debug|Any CPU.ActiveCfg = Debug|Any CPU
		{AA7A6A1F-7FF5-4742-B275-7B384690BA2A}.Debug|Any CPU.Build.0 = Debug|Any CPU
		{AA7A6A1F-7FF5-4742-B275-7B384690BA2A}.Release|Any CPU.ActiveCfg = Release|Any CPU
		{AA7A6A1F-7FF5-4742-B275-7B384690BA2A}.Release|Any CPU.Build.0 = Release|Any CPU
		{E1C30938-E3AF-4332-88E6-ED57A22B2801}.Debug|Any CPU.ActiveCfg = Debug|Any CPU
		{E1C30938-E3AF-4332-88E6-ED57A22B2801}.Debug|Any CPU.Build.0 = Debug|Any CPU
		{E1C30938-E3AF-4332-88E6-ED57A22B2801}.Release|Any CPU.ActiveCfg = Release|Any CPU
		{E1C30938-E3AF-4332-88E6-ED57A22B2801}.Release|Any CPU.Build.0 = Release|Any CPU
		{078DBBBD-4AA6-498B-8CA5-10B784B4FD0A}.Debug|Any CPU.ActiveCfg = Debug|Any CPU
		{078DBBBD-4AA6-498B-8CA5-10B784B4FD0A}.Debug|Any CPU.Build.0 = Debug|Any CPU
		{078DBBBD-4AA6-498B-8CA5-10B784B4FD0A}.Release|Any CPU.ActiveCfg = Release|Any CPU
		{078DBBBD-4AA6-498B-8CA5-10B784B4FD0A}.Release|Any CPU.Build.0 = Release|Any CPU
	EndGlobalSection
	GlobalSection(SolutionProperties) = preSolution
		HideSolutionNode = FALSE
	EndGlobalSection
EndGlobal
